
Microsoft Visual Studio Solution File, Format Version 12.00
# Visual Studio Version 17
VisualStudioVersion = 17.5.002.0
MinimumVisualStudioVersion = 10.0.40219.1
Project("{9A19103F-16F7-4668-BE54-9A1E7A4F7556}") = "CarsApi", "CarsApi\CarsApi.csproj", "{1C49BF04-D5E1-4A34-8C42-DA21AD2F0ACD}"
EndProject
Project("{9A19103F-16F7-4668-BE54-9A1E7A4F7556}") = "FrontApp", "FrontApp\FrontApp.csproj", "{D4C304EE-F5D0-4701-9D5D-8654B6C7BBDC}"
EndProject
Project("{9A19103F-16F7-4668-BE54-9A1E7A4F7556}") = "GatewayApi", "GatewayApi\GatewayApi.csproj", "{5C5D4229-5743-4B5C-948B-07F1D3F35D0D}"
EndProject
Project("{9A19103F-16F7-4668-BE54-9A1E7A4F7556}") = "UsersApi", "UsersApi\UsersApi.csproj", "{BE38B3E2-CD92-4FE7-AA40-FCA30C6C96F6}"
EndProject
Global
	GlobalSection(SolutionConfigurationPlatforms) = preSolution
		Debug|Any CPU = Debug|Any CPU
		Release|Any CPU = Release|Any CPU
	EndGlobalSection
	GlobalSection(ProjectConfigurationPlatforms) = postSolution
		{1C49BF04-D5E1-4A34-8C42-DA21AD2F0ACD}.Debug|Any CPU.ActiveCfg = Debug|Any CPU
		{1C49BF04-D5E1-4A34-8C42-DA21AD2F0ACD}.Debug|Any CPU.Build.0 = Debug|Any CPU
		{1C49BF04-D5E1-4A34-8C42-DA21AD2F0ACD}.Release|Any CPU.ActiveCfg = Release|Any CPU
		{1C49BF04-D5E1-4A34-8C42-DA21AD2F0ACD}.Release|Any CPU.Build.0 = Release|Any CPU
		{D4C304EE-F5D0-4701-9D5D-8654B6C7BBDC}.Debug|Any CPU.ActiveCfg = Debug|Any CPU
		{D4C304EE-F5D0-4701-9D5D-8654B6C7BBDC}.Debug|Any CPU.Build.0 = Debug|Any CPU
		{D4C304EE-F5D0-4701-9D5D-8654B6C7BBDC}.Release|Any CPU.ActiveCfg = Release|Any CPU
		{D4C304EE-F5D0-4701-9D5D-8654B6C7BBDC}.Release|Any CPU.Build.0 = Release|Any CPU
		{5C5D4229-5743-4B5C-948B-07F1D3F35D0D}.Debug|Any CPU.ActiveCfg = Debug|Any CPU
		{5C5D4229-5743-4B5C-948B-07F1D3F35D0D}.Debug|Any CPU.Build.0 = Debug|Any CPU
		{5C5D4229-5743-4B5C-948B-07F1D3F35D0D}.Release|Any CPU.ActiveCfg = Release|Any CPU
		{5C5D4229-5743-4B5C-948B-07F1D3F35D0D}.Release|Any CPU.Build.0 = Release|Any CPU
		{BE38B3E2-CD92-4FE7-AA40-FCA30C6C96F6}.Debug|Any CPU.ActiveCfg = Debug|Any CPU
		{BE38B3E2-CD92-4FE7-AA40-FCA30C6C96F6}.Debug|Any CPU.Build.0 = Debug|Any CPU
		{BE38B3E2-CD92-4FE7-AA40-FCA30C6C96F6}.Release|Any CPU.ActiveCfg = Release|Any CPU
		{BE38B3E2-CD92-4FE7-AA40-FCA30C6C96F6}.Release|Any CPU.Build.0 = Release|Any CPU
	EndGlobalSection
	GlobalSection(SolutionProperties) = preSolution
		HideSolutionNode = FALSE
	EndGlobalSection
	GlobalSection(ExtensibilityGlobals) = postSolution
		SolutionGuid = {BFCF9ED2-BAE0-4CEF-AE94-8ED051861FDB}
	EndGlobalSection
EndGlobal
